
Microsoft Visual Studio Solution File, Format Version 12.00
# Visual Studio Version 17
VisualStudioVersion = 17.13.35931.197 d17.13
MinimumVisualStudioVersion = 10.0.40219.1
Project("{FAE04EC0-301F-11D3-BF4B-00C04F79EFBC}") = "dsa-leetcode", "dsa-leetcode.csproj", "{705382F3-BA9E-4BD3-8C0A-CC282CEFE9DD}"
EndProject
Global
	GlobalSection(SolutionConfigurationPlatforms) = preSolution
		Debug|Any CPU = Debug|Any CPU
		Release|Any CPU = Release|Any CPU
	EndGlobalSection
	GlobalSection(ProjectConfigurationPlatforms) = postSolution
		{705382F3-BA9E-4BD3-8C0A-CC282CEFE9DD}.Debug|Any CPU.ActiveCfg = Debug|Any CPU
		{705382F3-BA9E-4BD3-8C0A-CC282CEFE9DD}.Debug|Any CPU.Build.0 = Debug|Any CPU
		{705382F3-BA9E-4BD3-8C0A-CC282CEFE9DD}.Release|Any CPU.ActiveCfg = Release|Any CPU
		{705382F3-BA9E-4BD3-8C0A-CC282CEFE9DD}.Release|Any CPU.Build.0 = Release|Any CPU
	EndGlobalSection
	GlobalSection(SolutionProperties) = preSolution
		HideSolutionNode = FALSE
	EndGlobalSection
	GlobalSection(ExtensibilityGlobals) = postSolution
		SolutionGuid = {C963A062-7167-4295-8062-407B5B148130}
	EndGlobalSection
EndGlobal
